
Microsoft Visual Studio Solution File, Format Version 12.00
# Visual Studio Version 16
VisualStudioVersion = 16.0.29102.190
MinimumVisualStudioVersion = 10.0.40219.1
Project("{9A19103F-16F7-4668-BE54-9A1E7A4F7556}") = "SpockWallet", "SpockWallet\SpockWallet.csproj", "{78C37E6E-9247-494F-897D-3AF07153FDB5}"
EndProject
Global
	GlobalSection(SolutionConfigurationPlatforms) = preSolution
		Debug|Any CPU = Debug|Any CPU
		Release|Any CPU = Release|Any CPU
	EndGlobalSection
	GlobalSection(ProjectConfigurationPlatforms) = postSolution
		{78C37E6E-9247-494F-897D-3AF07153FDB5}.Debug|Any CPU.ActiveCfg = Debug|Any CPU
		{78C37E6E-9247-494F-897D-3AF07153FDB5}.Debug|Any CPU.Build.0 = Debug|Any CPU
		{78C37E6E-9247-494F-897D-3AF07153FDB5}.Release|Any CPU.ActiveCfg = Release|Any CPU
		{78C37E6E-9247-494F-897D-3AF07153FDB5}.Release|Any CPU.Build.0 = Release|Any CPU
	EndGlobalSection
	GlobalSection(SolutionProperties) = preSolution
		HideSolutionNode = FALSE
	EndGlobalSection
	GlobalSection(ExtensibilityGlobals) = postSolution
		SolutionGuid = {E12DAEED-1087-4512-A655-92ED24284057}
	EndGlobalSection
EndGlobal
